
Microsoft Visual Studio Solution File, Format Version 12.00
# Visual Studio Version 16
VisualStudioVersion = 16.0.32106.194
MinimumVisualStudioVersion = 10.0.40219.1
Project("{9A19103F-16F7-4668-BE54-9A1E7A4F7556}") = "Module_7_itog", "Module_7_itog\Module_7_itog.csproj", "{5EBF2271-00DC-4E2A-B1FD-310D6DB6C066}"
EndProject
Global
	GlobalSection(SolutionConfigurationPlatforms) = preSolution
		Debug|Any CPU = Debug|Any CPU
		Release|Any CPU = Release|Any CPU
	EndGlobalSection
	GlobalSection(ProjectConfigurationPlatforms) = postSolution
		{5EBF2271-00DC-4E2A-B1FD-310D6DB6C066}.Debug|Any CPU.ActiveCfg = Debug|Any CPU
		{5EBF2271-00DC-4E2A-B1FD-310D6DB6C066}.Debug|Any CPU.Build.0 = Debug|Any CPU
		{5EBF2271-00DC-4E2A-B1FD-310D6DB6C066}.Release|Any CPU.ActiveCfg = Release|Any CPU
		{5EBF2271-00DC-4E2A-B1FD-310D6DB6C066}.Release|Any CPU.Build.0 = Release|Any CPU
	EndGlobalSection
	GlobalSection(SolutionProperties) = preSolution
		HideSolutionNode = FALSE
	EndGlobalSection
	GlobalSection(ExtensibilityGlobals) = postSolution
		SolutionGuid = {5419CDF5-F724-470E-A497-C6CD37991CA1}
	EndGlobalSection
EndGlobal
